
Microsoft Visual Studio Solution File, Format Version 12.00
# Visual Studio Version 17
VisualStudioVersion = 17.11.35327.3
MinimumVisualStudioVersion = 10.0.40219.1
Project("{FAE04EC0-301F-11D3-BF4B-00C04F79EFBC}") = "LibraryMS", "LibraryMS.csproj", "{C7E82067-5757-41FB-AB45-A53679626663}"
EndProject
Project("{FAE04EC0-301F-11D3-BF4B-00C04F79EFBC}") = "LibraryMS_BLL", "..\LibraryMS_BLL\LibraryMS_BLL.csproj", "{A41A928F-B699-4EC2-A2DD-9FE3E9FCBF53}"
EndProject
Project("{FAE04EC0-301F-11D3-BF4B-00C04F79EFBC}") = "LibraryMS_DAL", "..\LibraryMS_DAL\LibraryMS_DAL.csproj", "{AEEC2438-1701-4806-85E3-0DF9A3A37EC1}"
EndProject
Project("{FAE04EC0-301F-11D3-BF4B-00C04F79EFBC}") = "Test", "..\Test\Test.csproj", "{96309628-9AAF-4572-BFC1-172EFAC98443}"
EndProject
Global
	GlobalSection(SolutionConfigurationPlatforms) = preSolution
		Debug|Any CPU = Debug|Any CPU
		Release|Any CPU = Release|Any CPU
	EndGlobalSection
	GlobalSection(ProjectConfigurationPlatforms) = postSolution
		{C7E82067-5757-41FB-AB45-A53679626663}.Debug|Any CPU.ActiveCfg = Debug|Any CPU
		{C7E82067-5757-41FB-AB45-A53679626663}.Debug|Any CPU.Build.0 = Debug|Any CPU
		{C7E82067-5757-41FB-AB45-A53679626663}.Release|Any CPU.ActiveCfg = Release|Any CPU
		{C7E82067-5757-41FB-AB45-A53679626663}.Release|Any CPU.Build.0 = Release|Any CPU
		{A41A928F-B699-4EC2-A2DD-9FE3E9FCBF53}.Debug|Any CPU.ActiveCfg = Debug|Any CPU
		{A41A928F-B699-4EC2-A2DD-9FE3E9FCBF53}.Debug|Any CPU.Build.0 = Debug|Any CPU
		{A41A928F-B699-4EC2-A2DD-9FE3E9FCBF53}.Release|Any CPU.ActiveCfg = Release|Any CPU
		{A41A928F-B699-4EC2-A2DD-9FE3E9FCBF53}.Release|Any CPU.Build.0 = Release|Any CPU
		{AEEC2438-1701-4806-85E3-0DF9A3A37EC1}.Debug|Any CPU.ActiveCfg = Debug|Any CPU
		{AEEC2438-1701-4806-85E3-0DF9A3A37EC1}.Debug|Any CPU.Build.0 = Debug|Any CPU
		{AEEC2438-1701-4806-85E3-0DF9A3A37EC1}.Release|Any CPU.ActiveCfg = Release|Any CPU
		{AEEC2438-1701-4806-85E3-0DF9A3A37EC1}.Release|Any CPU.Build.0 = Release|Any CPU
		{96309628-9AAF-4572-BFC1-172EFAC98443}.Debug|Any CPU.ActiveCfg = Debug|Any CPU
		{96309628-9AAF-4572-BFC1-172EFAC98443}.Debug|Any CPU.Build.0 = Debug|Any CPU
		{96309628-9AAF-4572-BFC1-172EFAC98443}.Release|Any CPU.ActiveCfg = Release|Any CPU
		{96309628-9AAF-4572-BFC1-172EFAC98443}.Release|Any CPU.Build.0 = Release|Any CPU
	EndGlobalSection
	GlobalSection(SolutionProperties) = preSolution
		HideSolutionNode = FALSE
	EndGlobalSection
	GlobalSection(ExtensibilityGlobals) = postSolution
		SolutionGuid = {AC4FA6A8-0069-4276-BCC3-62626393CE2F}
	EndGlobalSection
EndGlobal
